
Microsoft Visual Studio Solution File, Format Version 12.00
# Visual Studio Version 17
VisualStudioVersion = 17.12.35527.113 d17.12
MinimumVisualStudioVersion = 10.0.40219.1
Project("{FAE04EC0-301F-11D3-BF4B-00C04F79EFBC}") = "Mission5", "Mission5\Mission5.csproj", "{0DCEA370-3710-4966-9322-7D81F36D43A3}"
EndProject
Global
	GlobalSection(SolutionConfigurationPlatforms) = preSolution
		Debug|Any CPU = Debug|Any CPU
		Release|Any CPU = Release|Any CPU
	EndGlobalSection
	GlobalSection(ProjectConfigurationPlatforms) = postSolution
		{0DCEA370-3710-4966-9322-7D81F36D43A3}.Debug|Any CPU.ActiveCfg = Debug|Any CPU
		{0DCEA370-3710-4966-9322-7D81F36D43A3}.Debug|Any CPU.Build.0 = Debug|Any CPU
		{0DCEA370-3710-4966-9322-7D81F36D43A3}.Release|Any CPU.ActiveCfg = Release|Any CPU
		{0DCEA370-3710-4966-9322-7D81F36D43A3}.Release|Any CPU.Build.0 = Release|Any CPU
	EndGlobalSection
	GlobalSection(SolutionProperties) = preSolution
		HideSolutionNode = FALSE
	EndGlobalSection
EndGlobal
